dependencies:
  idf:
    source:
      type: idf
    version: 5.5.4
  jgromes/radiolib:
    component_hash: 024269f750d7eb181d07bd57ccec5e5e4e276dbb262d681a6501c8e2244e80f0
    dependencies:
    - name: idf
      require: private
      version: '>=4.1'
    source:
      registry_url: https://components.espressif.com/
      type: service
    version: 7.7.1
  siot-lorawan-node:
    component_hash: 7a1de670cf98a9fa59123018a811edf185749e8955de6d1fcc71657de2022756
    dependencies:
    - name: idf
      version: '>=5.5.0'
    - name: jgromes/radiolib
      version: ==7.7.1
    source:
      git: https://github.com/rnd-southerniot/siot-lorawan-node.git
      path: .
      type: git
    targets:
    - esp32s3
    version: 99076ce26a41a48c1b44026a46fa30cbee275b00
direct_dependencies:
- idf
- siot-lorawan-node
manifest_hash: d16404b09e390fe1209cffbfd8309b069c1b7864c0e2a335568537d15b97f68b
target: esp32s3
version: 2.0.0
