dependencies:
  idf:
    source:
      type: idf
    version: 5.5.4
  jgromes/radiolib:
    component_hash: 024269f750d7eb181d07bd57ccec5e5e4e276dbb262d681a6501c8e2244e80f0
    dependencies:
    - name: idf
      require: private
      version: '>=4.1'
    source:
      registry_url: https://components.espressif.com/
      type: service
    version: 7.7.1
direct_dependencies:
- idf
- jgromes/radiolib
manifest_hash: 5cd3b4b2848629d8fee8fcf4de4dd6d89bf0e189fb4c44f70c57d2bafe0c5c16
target: esp32s3
version: 2.0.0
